
Microsoft Visual Studio Solution File, Format Version 12.00
# Visual Studio Version 17
VisualStudioVersion = 17.4.33110.190
MinimumVisualStudioVersion = 10.0.40219.1
Project("{9A19103F-16F7-4668-BE54-9A1E7A4F7556}") = "XCount", "XCount\XCount.csproj", "{13C812E9-0D42-4B95-8646-40EEBF30636F}"
EndProject
Project("{FAE04EC0-301F-11D3-BF4B-00C04F79EFBC}") = "ECommons", "ECommons\ECommons\ECommons.csproj", "{0F4FFA4F-A9E9-458F-A15E-C62F3A1C1103}"
EndProject
Global
	GlobalSection(SolutionConfigurationPlatforms) = preSolution
		Debug|Any CPU = Debug|Any CPU
		Debug|x64 = Debug|x64
		Release|Any CPU = Release|Any CPU
		Release|x64 = Release|x64
	EndGlobalSection
	GlobalSection(ProjectConfigurationPlatforms) = postSolution
		{13C812E9-0D42-4B95-8646-40EEBF30636F}.Debug|Any CPU.ActiveCfg = Debug|x64
		{13C812E9-0D42-4B95-8646-40EEBF30636F}.Debug|Any CPU.Build.0 = Debug|x64
		{13C812E9-0D42-4B95-8646-40EEBF30636F}.Debug|x64.ActiveCfg = Debug|x64
		{13C812E9-0D42-4B95-8646-40EEBF30636F}.Debug|x64.Build.0 = Debug|x64
		{13C812E9-0D42-4B95-8646-40EEBF30636F}.Release|Any CPU.ActiveCfg = Release|x64
		{13C812E9-0D42-4B95-8646-40EEBF30636F}.Release|Any CPU.Build.0 = Release|x64
		{13C812E9-0D42-4B95-8646-40EEBF30636F}.Release|x64.ActiveCfg = Release|x64
		{13C812E9-0D42-4B95-8646-40EEBF30636F}.Release|x64.Build.0 = Release|x64
		{0F4FFA4F-A9E9-458F-A15E-C62F3A1C1103}.Debug|Any CPU.ActiveCfg = Debug|x64
		{0F4FFA4F-A9E9-458F-A15E-C62F3A1C1103}.Debug|Any CPU.Build.0 = Debug|x64
		{0F4FFA4F-A9E9-458F-A15E-C62F3A1C1103}.Debug|x64.ActiveCfg = Debug|x64
		{0F4FFA4F-A9E9-458F-A15E-C62F3A1C1103}.Debug|x64.Build.0 = Debug|x64
		{0F4FFA4F-A9E9-458F-A15E-C62F3A1C1103}.Release|Any CPU.ActiveCfg = Release|x64
		{0F4FFA4F-A9E9-458F-A15E-C62F3A1C1103}.Release|Any CPU.Build.0 = Release|x64
		{0F4FFA4F-A9E9-458F-A15E-C62F3A1C1103}.Release|x64.ActiveCfg = Release|x64
		{0F4FFA4F-A9E9-458F-A15E-C62F3A1C1103}.Release|x64.Build.0 = Release|x64
	EndGlobalSection
	GlobalSection(SolutionProperties) = preSolution
		HideSolutionNode = FALSE
	EndGlobalSection
	GlobalSection(ExtensibilityGlobals) = postSolution
		SolutionGuid = {B17E85B1-5F60-4440-9F9A-3DDE877E8CDF}
	EndGlobalSection
EndGlobal
